
Microsoft Visual Studio Solution File, Format Version 12.00
# Visual Studio Version 17
VisualStudioVersion = 17.2.32526.322
MinimumVisualStudioVersion = 10.0.40219.1
Project("{FAE04EC0-301F-11D3-BF4B-00C04F79EFBC}") = "Test", "Test.csproj", "{F62C54AF-EE4F-4BAB-9F71-0658550A9EC9}"
EndProject
Global
	GlobalSection(SolutionConfigurationPlatforms) = preSolution
		Debug|Any CPU = Debug|Any CPU
		Release|Any CPU = Release|Any CPU
	EndGlobalSection
	GlobalSection(ProjectConfigurationPlatforms) = postSolution
		{F62C54AF-EE4F-4BAB-9F71-0658550A9EC9}.Debug|Any CPU.ActiveCfg = Debug|Any CPU
		{F62C54AF-EE4F-4BAB-9F71-0658550A9EC9}.Debug|Any CPU.Build.0 = Debug|Any CPU
		{F62C54AF-EE4F-4BAB-9F71-0658550A9EC9}.Release|Any CPU.ActiveCfg = Release|Any CPU
		{F62C54AF-EE4F-4BAB-9F71-0658550A9EC9}.Release|Any CPU.Build.0 = Release|Any CPU
	EndGlobalSection
	GlobalSection(SolutionProperties) = preSolution
		HideSolutionNode = FALSE
	EndGlobalSection
	GlobalSection(ExtensibilityGlobals) = postSolution
		SolutionGuid = {FC0F3318-D01D-4575-9945-9D9E11A19D48}
	EndGlobalSection
EndGlobal
